{
  "nodes": {
    "official-templates": {
      "locked": {
        "lastModified": 1725249436,
        "narHash": "sha256-qqKaxlPv+6Fyj+NUuOLPOlD82caqDkmpw63qOQkIzzc=",
        "owner": "NixOS",
        "repo": "templates",
        "rev": "ad0e221dda33c4b564fad976281130ce34a20cb9",
        "type": "github"
      },
      "original": {
        "owner": "NixOS",
        "repo": "templates",
        "type": "github"
      }
    },
    "root": {
      "inputs": {
        "official-templates": "official-templates"
      }
    }
  },
  "root": "root",
  "version": 7
}
